Microsoft Visual Studio Solution File, Format Version 11.00
# Visual Studio 2008

Project("{5A872AB5-8B0D-ABCF-DB2E-228B5692DF03}") = "InfinityRunner", "Assembly-CSharp.csproj", "{4AF0ADB8-3C50-DBA4-A099-FB2A25872EB1}"
EndProject
Global
	GlobalSection(SolutionConfigurationPlatforms) = preSolution
		Debug|Any CPU = Debug|Any CPU
		Release|Any CPU = Release|Any CPU
	EndGlobalSection
	GlobalSection(ProjectConfigurationPlatforms) = postSolution
		{4AF0ADB8-3C50-DBA4-A099-FB2A25872EB1}.Debug|Any CPU.ActiveCfg = Debug|Any CPU
		{4AF0ADB8-3C50-DBA4-A099-FB2A25872EB1}.Debug|Any CPU.Build.0 = Debug|Any CPU
		{4AF0ADB8-3C50-DBA4-A099-FB2A25872EB1}.Release|Any CPU.ActiveCfg = Release|Any CPU
		{4AF0ADB8-3C50-DBA4-A099-FB2A25872EB1}.Release|Any CPU.Build.0 = Release|Any CPU
	EndGlobalSection
	GlobalSection(SolutionProperties) = preSolution
		HideSolutionNode = FALSE
	EndGlobalSection
	GlobalSection(MonoDevelopProperties) = preSolution
		StartupItem = Assembly-CSharp.csproj
	EndGlobalSection
EndGlobal
